
Microsoft Visual Studio Solution File, Format Version 12.00
# Visual Studio Version 16
VisualStudioVersion = 16.0.31424.327
MinimumVisualStudioVersion = 10.0.40219.1
Project("{8BC9CEB8-8B4A-11D0-8D11-00A0C91BC942}") = "Lab1.1", "Lab1.1\Lab1.1.vcxproj", "{43EF6CA0-A8AE-4FCA-B553-9583723EB073}"
EndProject
Project("{8BC9CEB8-8B4A-11D0-8D11-00A0C91BC942}") = "Lab1.2", "Lab1.2\Lab1.2.vcxproj", "{64D38372-2DD3-444D-8842-B12B637B2856}"
EndProject
Project("{8BC9CEB8-8B4A-11D0-8D11-00A0C91BC942}") = "Lab2.1", "Lab2.1\Lab2.1.vcxproj", "{B888A96E-BADB-4810-B1A5-B08BA650FBD6}"
EndProject
Project("{8BC9CEB8-8B4A-11D0-8D11-00A0C91BC942}") = "Lab2.2", "Lab2.2\Lab2.2.vcxproj", "{532046F4-BB8A-48A3-AC84-995516FEF78F}"
EndProject
Project("{8BC9CEB8-8B4A-11D0-8D11-00A0C91BC942}") = "Lab3.1", "Lab3.1\Lab3.1.vcxproj", "{1D9EFB8E-21BA-480B-9828-5AF7452B9EF7}"
EndProject
Project("{8BC9CEB8-8B4A-11D0-8D11-00A0C91BC942}") = "Lab3.2", "Lab3.2\Lab3.2.vcxproj", "{749D00FC-8CDC-4764-BBC3-A07B1AC56496}"
EndProject
Project("{8BC9CEB8-8B4A-11D0-8D11-00A0C91BC942}") = "Lab4.2", "Lab4.2\Lab4.2.vcxproj", "{5AA277E9-3435-43C0-96F5-402388916144}"
EndProject
Project("{8BC9CEB8-8B4A-11D0-8D11-00A0C91BC942}") = "Lab4.1", "Lab4.1\Lab4.1.vcxproj", "{3B2BD494-3AFB-487D-80FA-F9BBB10ED304}"
EndProject
Project("{8BC9CEB8-8B4A-11D0-8D11-00A0C91BC942}") = "Lab5.1", "Lab5.1\Lab5.1.vcxproj", "{62AC79FB-2DE3-4FA1-9161-F9297234AE8D}"
EndProject
Project("{8BC9CEB8-8B4A-11D0-8D11-00A0C91BC942}") = "Lab5.2", "Lab5.2\Lab5.2.vcxproj", "{6E3B63EA-37E7-416C-8FB7-AF86B744605D}"
EndProject
Global
	GlobalSection(SolutionConfigurationPlatforms) = preSolution
		Debug|x64 = Debug|x64
		Debug|x86 = Debug|x86
		Release|x64 = Release|x64
		Release|x86 = Release|x86
	EndGlobalSection
	GlobalSection(ProjectConfigurationPlatforms) = postSolution
		{43EF6CA0-A8AE-4FCA-B553-9583723EB073}.Debug|x64.ActiveCfg = Debug|x64
		{43EF6CA0-A8AE-4FCA-B553-9583723EB073}.Debug|x64.Build.0 = Debug|x64
		{43EF6CA0-A8AE-4FCA-B553-9583723EB073}.Debug|x86.ActiveCfg = Debug|Win32
		{43EF6CA0-A8AE-4FCA-B553-9583723EB073}.Debug|x86.Build.0 = Debug|Win32
		{43EF6CA0-A8AE-4FCA-B553-9583723EB073}.Release|x64.ActiveCfg = Release|x64
		{43EF6CA0-A8AE-4FCA-B553-9583723EB073}.Release|x64.Build.0 = Release|x64
		{43EF6CA0-A8AE-4FCA-B553-9583723EB073}.Release|x86.ActiveCfg = Release|Win32
		{43EF6CA0-A8AE-4FCA-B553-9583723EB073}.Release|x86.Build.0 = Release|Win32
		{64D38372-2DD3-444D-8842-B12B637B2856}.Debug|x64.ActiveCfg = Debug|x64
		{64D38372-2DD3-444D-8842-B12B637B2856}.Debug|x64.Build.0 = Debug|x64
		{64D38372-2DD3-444D-8842-B12B637B2856}.Debug|x86.ActiveCfg = Debug|Win32
		{64D38372-2DD3-444D-8842-B12B637B2856}.Debug|x86.Build.0 = Debug|Win32
		{64D38372-2DD3-444D-8842-B12B637B2856}.Release|x64.ActiveCfg = Release|x64
		{64D38372-2DD3-444D-8842-B12B637B2856}.Release|x64.Build.0 = Release|x64
		{64D38372-2DD3-444D-8842-B12B637B2856}.Release|x86.ActiveCfg = Release|Win32
		{64D38372-2DD3-444D-8842-B12B637B2856}.Release|x86.Build.0 = Release|Win32
		{B888A96E-BADB-4810-B1A5-B08BA650FBD6}.Debug|x64.ActiveCfg = Debug|x64
		{B888A96E-BADB-4810-B1A5-B08BA650FBD6}.Debug|x64.Build.0 = Debug|x64
		{B888A96E-BADB-4810-B1A5-B08BA650FBD6}.Debug|x86.ActiveCfg = Debug|Win32
		{B888A96E-BADB-4810-B1A5-B08BA650FBD6}.Debug|x86.Build.0 = Debug|Win32
		{B888A96E-BADB-4810-B1A5-B08BA650FBD6}.Release|x64.ActiveCfg = Release|x64
		{B888A96E-BADB-4810-B1A5-B08BA650FBD6}.Release|x64.Build.0 = Release|x64
		{B888A96E-BADB-4810-B1A5-B08BA650FBD6}.Release|x86.ActiveCfg = Release|Win32
		{B888A96E-BADB-4810-B1A5-B08BA650FBD6}.Release|x86.Build.0 = Release|Win32
		{532046F4-BB8A-48A3-AC84-995516FEF78F}.Debug|x64.ActiveCfg = Debug|x64
		{532046F4-BB8A-48A3-AC84-995516FEF78F}.Debug|x64.Build.0 = Debug|x64
		{532046F4-BB8A-48A3-AC84-995516FEF78F}.Debug|x86.ActiveCfg = Debug|Win32
		{532046F4-BB8A-48A3-AC84-995516FEF78F}.Debug|x86.Build.0 = Debug|Win32
		{532046F4-BB8A-48A3-AC84-995516FEF78F}.Release|x64.ActiveCfg = Release|x64
		{532046F4-BB8A-48A3-AC84-995516FEF78F}.Release|x64.Build.0 = Release|x64
		{532046F4-BB8A-48A3-AC84-995516FEF78F}.Release|x86.ActiveCfg = Release|Win32
		{532046F4-BB8A-48A3-AC84-995516FEF78F}.Release|x86.Build.0 = Release|Win32
		{1D9EFB8E-21BA-480B-9828-5AF7452B9EF7}.Debug|x64.ActiveCfg = Debug|x64
		{1D9EFB8E-21BA-480B-9828-5AF7452B9EF7}.Debug|x64.Build.0 = Debug|x64
		{1D9EFB8E-21BA-480B-9828-5AF7452B9EF7}.Debug|x86.ActiveCfg = Debug|Win32
		{1D9EFB8E-21BA-480B-9828-5AF7452B9EF7}.Debug|x86.Build.0 = Debug|Win32
		{1D9EFB8E-21BA-480B-9828-5AF7452B9EF7}.Release|x64.ActiveCfg = Release|x64
		{1D9EFB8E-21BA-480B-9828-5AF7452B9EF7}.Release|x64.Build.0 = Release|x64
		{1D9EFB8E-21BA-480B-9828-5AF7452B9EF7}.Release|x86.ActiveCfg = Release|Win32
		{1D9EFB8E-21BA-480B-9828-5AF7452B9EF7}.Release|x86.Build.0 = Release|Win32
		{749D00FC-8CDC-4764-BBC3-A07B1AC56496}.Debug|x64.ActiveCfg = Debug|x64
		{749D00FC-8CDC-4764-BBC3-A07B1AC56496}.Debug|x64.Build.0 = Debug|x64
		{749D00FC-8CDC-4764-BBC3-A07B1AC56496}.Debug|x86.ActiveCfg = Debug|Win32
		{749D00FC-8CDC-4764-BBC3-A07B1AC56496}.Debug|x86.Build.0 = Debug|Win32
		{749D00FC-8CDC-4764-BBC3-A07B1AC56496}.Release|x64.ActiveCfg = Release|x64
		{749D00FC-8CDC-4764-BBC3-A07B1AC56496}.Release|x64.Build.0 = Release|x64
		{749D00FC-8CDC-4764-BBC3-A07B1AC56496}.Release|x86.ActiveCfg = Release|Win32
		{749D00FC-8CDC-4764-BBC3-A07B1AC56496}.Release|x86.Build.0 = Release|Win32
		{5AA277E9-3435-43C0-96F5-402388916144}.Debug|x64.ActiveCfg = Debug|x64
		{5AA277E9-3435-43C0-96F5-402388916144}.Debug|x64.Build.0 = Debug|x64
		{5AA277E9-3435-43C0-96F5-402388916144}.Debug|x86.ActiveCfg = Debug|Win32
		{5AA277E9-3435-43C0-96F5-402388916144}.Debug|x86.Build.0 = Debug|Win32
		{5AA277E9-3435-43C0-96F5-402388916144}.Release|x64.ActiveCfg = Release|x64
		{5AA277E9-3435-43C0-96F5-402388916144}.Release|x64.Build.0 = Release|x64
		{5AA277E9-3435-43C0-96F5-402388916144}.Release|x86.ActiveCfg = Release|Win32
		{5AA277E9-3435-43C0-96F5-402388916144}.Release|x86.Build.0 = Release|Win32
		{3B2BD494-3AFB-487D-80FA-F9BBB10ED304}.Debug|x64.ActiveCfg = Debug|x64
		{3B2BD494-3AFB-487D-80FA-F9BBB10ED304}.Debug|x64.Build.0 = Debug|x64
		{3B2BD494-3AFB-487D-80FA-F9BBB10ED304}.Debug|x86.ActiveCfg = Debug|Win32
		{3B2BD494-3AFB-487D-80FA-F9BBB10ED304}.Debug|x86.Build.0 = Debug|Win32
		{3B2BD494-3AFB-487D-80FA-F9BBB10ED304}.Release|x64.ActiveCfg = Release|x64
		{3B2BD494-3AFB-487D-80FA-F9BBB10ED304}.Release|x64.Build.0 = Release|x64
		{3B2BD494-3AFB-487D-80FA-F9BBB10ED304}.Release|x86.ActiveCfg = Release|Win32
		{3B2BD494-3AFB-487D-80FA-F9BBB10ED304}.Release|x86.Build.0 = Release|Win32
		{62AC79FB-2DE3-4FA1-9161-F9297234AE8D}.Debug|x64.ActiveCfg = Debug|x64
		{62AC79FB-2DE3-4FA1-9161-F9297234AE8D}.Debug|x64.Build.0 = Debug|x64
		{62AC79FB-2DE3-4FA1-9161-F9297234AE8D}.Debug|x86.ActiveCfg = Debug|Win32
		{62AC79FB-2DE3-4FA1-9161-F9297234AE8D}.Debug|x86.Build.0 = Debug|Win32
		{62AC79FB-2DE3-4FA1-9161-F9297234AE8D}.Release|x64.ActiveCfg = Release|x64
		{62AC79FB-2DE3-4FA1-9161-F9297234AE8D}.Release|x64.Build.0 = Release|x64
		{62AC79FB-2DE3-4FA1-9161-F9297234AE8D}.Release|x86.ActiveCfg = Release|Win32
		{62AC79FB-2DE3-4FA1-9161-F9297234AE8D}.Release|x86.Build.0 = Release|Win32
		{6E3B63EA-37E7-416C-8FB7-AF86B744605D}.Debug|x64.ActiveCfg = Debug|x64
		{6E3B63EA-37E7-416C-8FB7-AF86B744605D}.Debug|x64.Build.0 = Debug|x64
		{6E3B63EA-37E7-416C-8FB7-AF86B744605D}.Debug|x86.ActiveCfg = Debug|Win32
		{6E3B63EA-37E7-416C-8FB7-AF86B744605D}.Debug|x86.Build.0 = Debug|Win32
		{6E3B63EA-37E7-416C-8FB7-AF86B744605D}.Release|x64.ActiveCfg = Release|x64
		{6E3B63EA-37E7-416C-8FB7-AF86B744605D}.Release|x64.Build.0 = Release|x64
		{6E3B63EA-37E7-416C-8FB7-AF86B744605D}.Release|x86.ActiveCfg = Release|Win32
		{6E3B63EA-37E7-416C-8FB7-AF86B744605D}.Release|x86.Build.0 = Release|Win32
	EndGlobalSection
	GlobalSection(SolutionProperties) = preSolution
		HideSolutionNode = FALSE
	EndGlobalSection
	GlobalSection(ExtensibilityGlobals) = postSolution
		SolutionGuid = {39628D2D-2C97-4ECE-AA67-164BA136BDCA}
	EndGlobalSection
EndGlobal
